
Microsoft Visual Studio Solution File, Format Version 12.00
# Visual Studio 15
VisualStudioVersion = 15.0.28307.645
MinimumVisualStudioVersion = 10.0.40219.1
Project("{F184B08F-C81C-45F6-A57F-5ABD9991F28F}") = "Lab4WebD", "Lab4WebD\Lab4WebD.vbproj", "{E3C94E97-E905-41B4-970D-A8F436EBF4DD}"
EndProject
Global
	GlobalSection(SolutionConfigurationPlatforms) = preSolution
		Debug|Any CPU = Debug|Any CPU
		Release|Any CPU = Release|Any CPU
	EndGlobalSection
	GlobalSection(ProjectConfigurationPlatforms) = postSolution
		{E3C94E97-E905-41B4-970D-A8F436EBF4DD}.Debug|Any CPU.ActiveCfg = Debug|Any CPU
		{E3C94E97-E905-41B4-970D-A8F436EBF4DD}.Debug|Any CPU.Build.0 = Debug|Any CPU
		{E3C94E97-E905-41B4-970D-A8F436EBF4DD}.Release|Any CPU.ActiveCfg = Release|Any CPU
		{E3C94E97-E905-41B4-970D-A8F436EBF4DD}.Release|Any CPU.Build.0 = Release|Any CPU
	EndGlobalSection
	GlobalSection(SolutionProperties) = preSolution
		HideSolutionNode = FALSE
	EndGlobalSection
	GlobalSection(ExtensibilityGlobals) = postSolution
		SolutionGuid = {297642E7-FCE2-45FC-ACB9-E9D21F4A3D9F}
	EndGlobalSection
EndGlobal
